// !$*UTF8*$!
{
	archiveVersion = 1;
	classes = {
	};
	objectVersion = 77;
	objects = {

/* Begin PBXBuildFile section */
		15223D24668B13FE8B10198C /* ControlPowerSettingsView.swift in Sources */ = {isa = PBXBuildFile; fileRef = 9B75491BA4E87B9ABDEB4153 /* ControlPowerSettingsView.swift */; };
		158FF234F28C2193BFF51408 /* ErrorSanitizer.swift in Sources */ = {isa = PBXBuildFile; fileRef = 50DBDA897E9CEE1875012C32 /* ErrorSanitizer.swift */; };
		17431CABD782A0CF04CFF33B /* ControlPowerCore.framework in Embed Frameworks */ = {isa = PBXBuildFile; fileRef = C3F9E37062B3EB7E2781BB7D /* ControlPowerCore.framework */; settings = {ATTRIBUTES = (CodeSignOnCopy, RemoveHeadersOnCopy, ); }; };
		1895F0FFFA85AA6085FF9E0F /* PowerBannerViews.swift in Sources */ = {isa = PBXBuildFile; fileRef = 461EBB24A3D61D52DFC06D1D /* PowerBannerViews.swift */; };
		18AEA442F043DC801313EE5C /* TimedProcessRunner.swift in Sources */ = {isa = PBXBuildFile; fileRef = DA70449A591DF349FFFB343E /* TimedProcessRunner.swift */; };
		1A59E944B8274794A041394F /* MenuBarPanelView.swift in Sources */ = {isa = PBXBuildFile; fileRef = 7F534132BEC0146A3D375F2B /* MenuBarPanelView.swift */; };
		21F8D96A19B4F5F817DCE82A /* PowerModels.swift in Sources */ = {isa = PBXBuildFile; fileRef = 89FEB7205A7BE8083580838F /* PowerModels.swift */; };
		294C573F4444ED60F15FBDE6 /* AppIntents.framework in Frameworks */ = {isa = PBXBuildFile; fileRef = 644188FD8F3C5299A32FFC2C /* AppIntents.framework */; };
		29E3236CAAF02ACBB98F07B5 /* PowerHelperXPCProtocol.swift in Sources */ = {isa = PBXBuildFile; fileRef = 7A9685F3170D8BDA92CEF69F /* PowerHelperXPCProtocol.swift */; };
		324E23BF8995AED83FEEF692 /* PowerDaemonClient.swift in Sources */ = {isa = PBXBuildFile; fileRef = 6C409F0548AC1CBA6D54AFCA /* PowerDaemonClient.swift */; };
		35EDD54DB9267992A1EDF3C9 /* PrivacyInfo.xcprivacy in Resources */ = {isa = PBXBuildFile; fileRef = 9B19193CDBB8FE4FC08D737A /* PrivacyInfo.xcprivacy */; };
		401E5B32E9CBD4F2F949053D /* ControlPowerCore.framework in Embed Frameworks */ = {isa = PBXBuildFile; fileRef = C3F9E37062B3EB7E2781BB7D /* ControlPowerCore.framework */; settings = {ATTRIBUTES = (CodeSignOnCopy, RemoveHeadersOnCopy, ); }; };
		424B16826D8330C607025F15 /* MutationScheduler.swift in Sources */ = {isa = PBXBuildFile; fileRef = 199A04101523509B5F605332 /* MutationScheduler.swift */; };
		469A3196AD1EC117750F14B8 /* TimedProcessRunner.swift in Sources */ = {isa = PBXBuildFile; fileRef = DA70449A591DF349FFFB343E /* TimedProcessRunner.swift */; };
		479936EB154A5BFB2EEE2083 /* com.moe.controlpower.helper.v2.plist in CopyFiles */ = {isa = PBXBuildFile; fileRef = 6AC6FA81C873A81ABF945D4E /* com.moe.controlpower.helper.v2.plist */; };
		4B2ED42888E360822606E00C /* AppViewModel.swift in Sources */ = {isa = PBXBuildFile; fileRef = E581B73090FE7376C524BC66 /* AppViewModel.swift */; };
		51E5294CF73A2D28D0847770 /* ControlPowerCore.framework in Frameworks */ = {isa = PBXBuildFile; fileRef = C3F9E37062B3EB7E2781BB7D /* ControlPowerCore.framework */; };
		5324BA70CD33FC41BD263AF1 /* ServiceManagement.framework in Frameworks */ = {isa = PBXBuildFile; fileRef = 9EFEC6DE9BE3E22C6BA72568 /* ServiceManagement.framework */; };
		6387755A1C22EE60CE7C933C /* AppIntents.framework in Frameworks */ = {isa = PBXBuildFile; fileRef = 644188FD8F3C5299A32FFC2C /* AppIntents.framework */; };
		762B94CF67F8DBF1DCA6F575 /* PowerDaemonClient.swift in Sources */ = {isa = PBXBuildFile; fileRef = 6C409F0548AC1CBA6D54AFCA /* PowerDaemonClient.swift */; };
		7647FC586286362E2DC44972 /* MutationScheduler.swift in Sources */ = {isa = PBXBuildFile; fileRef = 199A04101523509B5F605332 /* MutationScheduler.swift */; };
		7EA6999510CC3E4FB2EA1037 /* ControlPowerApp.swift in Sources */ = {isa = PBXBuildFile; fileRef = 7F841A72B3332FF60B3550DA /* ControlPowerApp.swift */; };
		8A5940DEC361A4D31B34D280 /* PowerHelperXPCProtocol.swift in Sources */ = {isa = PBXBuildFile; fileRef = 7A9685F3170D8BDA92CEF69F /* PowerHelperXPCProtocol.swift */; };
		A248852818FC187C9336C356 /* MainView.swift in Sources */ = {isa = PBXBuildFile; fileRef = 40866E50BC166BB7E65974EA /* MainView.swift */; };
		A624E49C07C480D9E1CF2A20 /* ErrorSanitizer.swift in Sources */ = {isa = PBXBuildFile; fileRef = 50DBDA897E9CEE1875012C32 /* ErrorSanitizer.swift */; };
		B708EA29E2D585CE4769BBD9 /* Assets.xcassets in Resources */ = {isa = PBXBuildFile; fileRef = E9F2F8A16095D686DD7679ED /* Assets.xcassets */; };
		C1F2C4C42227C93EA87C3DC0 /* PMSetParserSwiftTestingTests.swift in Sources */ = {isa = PBXBuildFile; fileRef = EC6240C06AB0E0F69156F044 /* PMSetParserSwiftTestingTests.swift */; };
		CA81F544345299AB6048379B /* main.swift in Sources */ = {isa = PBXBuildFile; fileRef = 9A5181433813C33673C8E1A0 /* main.swift */; };
		DCFF126A613FC9E115AC78AC /* PowerModels.swift in Sources */ = {isa = PBXBuildFile; fileRef = 89FEB7205A7BE8083580838F /* PowerModels.swift */; };
		E69153DC6749C0CED930A6FD /* ControlPowerCore.framework in Frameworks */ = {isa = PBXBuildFile; fileRef = C3F9E37062B3EB7E2781BB7D /* ControlPowerCore.framework */; };
		E7A4A0D22E1931CAD2744400 /* HelperService.swift in Sources */ = {isa = PBXBuildFile; fileRef = 473E1A943CA64B7845D6B8CB /* HelperService.swift */; };
		F4FAC69DD0E8329090495C09 /* ControlPowerTests.swift in Sources */ = {isa = PBXBuildFile; fileRef = 8D54C5DB2B86EACC4549F571 /* ControlPowerTests.swift */; };
		F5823FF55FAE5ED7F439D0D9 /* ServiceManagement.framework in Frameworks */ = {isa = PBXBuildFile; fileRef = 9EFEC6DE9BE3E22C6BA72568 /* ServiceManagement.framework */; };
/* End PBXBuildFile section */

/* Begin PBXContainerItemProxy section */
		1ED969801AA7F513F7AC3098 /* PBXContainerItemProxy */ = {
			isa = PBXContainerItemProxy;
			containerPortal = D4605D1A5655B6E71B3DEC0C /* Project object */;
			proxyType = 1;
			remoteGlobalIDString = A46B809F0CBBD8B00C41631D;
			remoteInfo = ControlPowerCore;
		};
		2F671EF6439BB3D02DB48837 /* PBXContainerItemProxy */ = {
			isa = PBXContainerItemProxy;
			containerPortal = D4605D1A5655B6E71B3DEC0C /* Project object */;
			proxyType = 1;
			remoteGlobalIDString = A46B809F0CBBD8B00C41631D;
			remoteInfo = ControlPowerCore;
		};
		A460A7D6C77C90D0D6F03C32 /* PBXContainerItemProxy */ = {
			isa = PBXContainerItemProxy;
			containerPortal = D4605D1A5655B6E71B3DEC0C /* Project object */;
			proxyType = 1;
			remoteGlobalIDString = BD0D041A79146E9E658ED928;
			remoteInfo = ControlPowerHelper;
		};
/* End PBXContainerItemProxy section */

/* Begin PBXCopyFilesBuildPhase section */
		62D75B5061B4E7E82E0DE268 /* Embed Frameworks */ = {
			isa = PBXCopyFilesBuildPhase;
			buildActionMask = 2147483647;
			dstPath = "";
			dstSubfolderSpec = 10;
			files = (
				17431CABD782A0CF04CFF33B /* ControlPowerCore.framework in Embed Frameworks */,
			);
			name = "Embed Frameworks";
			runOnlyForDeploymentPostprocessing = 0;
		};
		BC5806E80A8D5EEE9F4D10FD /* Embed Frameworks */ = {
			isa = PBXCopyFilesBuildPhase;
			buildActionMask = 2147483647;
			dstPath = "";
			dstSubfolderSpec = 10;
			files = (
				401E5B32E9CBD4F2F949053D /* ControlPowerCore.framework in Embed Frameworks */,
			);
			name = "Embed Frameworks";
			runOnlyForDeploymentPostprocessing = 0;
		};
		E05A969EEE40452AF1A4008D /* CopyFiles */ = {
			isa = PBXCopyFilesBuildPhase;
			buildActionMask = 2147483647;
			dstPath = Contents/Library/LaunchDaemons;
			dstSubfolderSpec = 1;
			files = (
				479936EB154A5BFB2EEE2083 /* com.moe.controlpower.helper.v2.plist in CopyFiles */,
			);
			runOnlyForDeploymentPostprocessing = 0;
		};
/* End PBXCopyFilesBuildPhase section */

/* Begin PBXFileReference section */
		199A04101523509B5F605332 /* MutationScheduler.swift */ = {isa = PBXFileReference; lastKnownFileType = sourcecode.swift; path = MutationScheduler.swift; sourceTree = "<group>"; };
		1B5716BBCDF23760B8B7A1A6 /* ControlPowerHelper */ = {isa = PBXFileReference; includeInIndex = 0; path = ControlPowerHelper; sourceTree = BUILT_PRODUCTS_DIR; };
		3B96B69A6A8ED82D60AA1F18 /* ControlPower.app */ = {isa = PBXFileReference; explicitFileType = wrapper.application; includeInIndex = 0; path = ControlPower.app; sourceTree = BUILT_PRODUCTS_DIR; };
		40866E50BC166BB7E65974EA /* MainView.swift */ = {isa = PBXFileReference; lastKnownFileType = sourcecode.swift; path = MainView.swift; sourceTree = "<group>"; };
		461EBB24A3D61D52DFC06D1D /* PowerBannerViews.swift */ = {isa = PBXFileReference; lastKnownFileType = sourcecode.swift; path = PowerBannerViews.swift; sourceTree = "<group>"; };
		473E1A943CA64B7845D6B8CB /* HelperService.swift */ = {isa = PBXFileReference; lastKnownFileType = sourcecode.swift; path = HelperService.swift; sourceTree = "<group>"; };
		4978AFBAC23984886014DA6B /* ControlPowerTests.xctest */ = {isa = PBXFileReference; explicitFileType = wrapper.cfbundle; includeInIndex = 0; path = ControlPowerTests.xctest; sourceTree = BUILT_PRODUCTS_DIR; };
		50DBDA897E9CEE1875012C32 /* ErrorSanitizer.swift */ = {isa = PBXFileReference; lastKnownFileType = sourcecode.swift; path = ErrorSanitizer.swift; sourceTree = "<group>"; };
		644188FD8F3C5299A32FFC2C /* AppIntents.framework */ = {isa = PBXFileReference; lastKnownFileType = wrapper.framework; name = AppIntents.framework; path = System/Library/Frameworks/AppIntents.framework; sourceTree = SDKROOT; };
		6AC6FA81C873A81ABF945D4E /* com.moe.controlpower.helper.v2.plist */ = {isa = PBXFileReference; lastKnownFileType = text.plist; path = com.moe.controlpower.helper.v2.plist; sourceTree = "<group>"; };
		6C409F0548AC1CBA6D54AFCA /* PowerDaemonClient.swift */ = {isa = PBXFileReference; lastKnownFileType = sourcecode.swift; path = PowerDaemonClient.swift; sourceTree = "<group>"; };
		7A9685F3170D8BDA92CEF69F /* PowerHelperXPCProtocol.swift */ = {isa = PBXFileReference; lastKnownFileType = sourcecode.swift; path = PowerHelperXPCProtocol.swift; sourceTree = "<group>"; };
		7F534132BEC0146A3D375F2B /* MenuBarPanelView.swift */ = {isa = PBXFileReference; lastKnownFileType = sourcecode.swift; path = MenuBarPanelView.swift; sourceTree = "<group>"; };
		7F841A72B3332FF60B3550DA /* ControlPowerApp.swift */ = {isa = PBXFileReference; lastKnownFileType = sourcecode.swift; path = ControlPowerApp.swift; sourceTree = "<group>"; };
		89FEB7205A7BE8083580838F /* PowerModels.swift */ = {isa = PBXFileReference; lastKnownFileType = sourcecode.swift; path = PowerModels.swift; sourceTree = "<group>"; };
		8D54C5DB2B86EACC4549F571 /* ControlPowerTests.swift */ = {isa = PBXFileReference; lastKnownFileType = sourcecode.swift; path = ControlPowerTests.swift; sourceTree = "<group>"; };
		9A5181433813C33673C8E1A0 /* main.swift */ = {isa = PBXFileReference; lastKnownFileType = sourcecode.swift; path = main.swift; sourceTree = "<group>"; };
		9B19193CDBB8FE4FC08D737A /* PrivacyInfo.xcprivacy */ = {isa = PBXFileReference; path = PrivacyInfo.xcprivacy; sourceTree = "<group>"; };
		9B75491BA4E87B9ABDEB4153 /* ControlPowerSettingsView.swift */ = {isa = PBXFileReference; lastKnownFileType = sourcecode.swift; path = ControlPowerSettingsView.swift; sourceTree = "<group>"; };
		9EFEC6DE9BE3E22C6BA72568 /* ServiceManagement.framework */ = {isa = PBXFileReference; lastKnownFileType = wrapper.framework; name = ServiceManagement.framework; path = System/Library/Frameworks/ServiceManagement.framework; sourceTree = SDKROOT; };
		C3F9E37062B3EB7E2781BB7D /* ControlPowerCore.framework */ = {isa = PBXFileReference; explicitFileType = wrapper.framework; includeInIndex = 0; path = ControlPowerCore.framework; sourceTree = BUILT_PRODUCTS_DIR; };
		DA70449A591DF349FFFB343E /* TimedProcessRunner.swift */ = {isa = PBXFileReference; lastKnownFileType = sourcecode.swift; path = TimedProcessRunner.swift; sourceTree = "<group>"; };
		E581B73090FE7376C524BC66 /* AppViewModel.swift */ = {isa = PBXFileReference; lastKnownFileType = sourcecode.swift; path = AppViewModel.swift; sourceTree = "<group>"; };
		E9F2F8A16095D686DD7679ED /* Assets.xcassets */ = {isa = PBXFileReference; lastKnownFileType = folder.assetcatalog; path = Assets.xcassets; sourceTree = "<group>"; };
		EC6240C06AB0E0F69156F044 /* PMSetParserSwiftTestingTests.swift */ = {isa = PBXFileReference; lastKnownFileType = sourcecode.swift; path = PMSetParserSwiftTestingTests.swift; sourceTree = "<group>"; };
		EE056CE8FF8C6FBA149D2217 /* Info.plist */ = {isa = PBXFileReference; lastKnownFileType = text.plist; path = Info.plist; sourceTree = "<group>"; };
/* End PBXFileReference section */

/* Begin PBXFrameworksBuildPhase section */
		9FC84B44D55319960B826C3B /* Frameworks */ = {
			isa = PBXFrameworksBuildPhase;
			buildActionMask = 2147483647;
			files = (
				5324BA70CD33FC41BD263AF1 /* ServiceManagement.framework in Frameworks */,
				294C573F4444ED60F15FBDE6 /* AppIntents.framework in Frameworks */,
			);
			runOnlyForDeploymentPostprocessing = 0;
		};
		B5AD60F719C27A7352C9909A /* Frameworks */ = {
			isa = PBXFrameworksBuildPhase;
			buildActionMask = 2147483647;
			files = (
				51E5294CF73A2D28D0847770 /* ControlPowerCore.framework in Frameworks */,
			);
			runOnlyForDeploymentPostprocessing = 0;
		};
		D2A60B992CFC0CA285B03BD9 /* Frameworks */ = {
			isa = PBXFrameworksBuildPhase;
			buildActionMask = 2147483647;
			files = (
				E69153DC6749C0CED930A6FD /* ControlPowerCore.framework in Frameworks */,
				F5823FF55FAE5ED7F439D0D9 /* ServiceManagement.framework in Frameworks */,
				6387755A1C22EE60CE7C933C /* AppIntents.framework in Frameworks */,
			);
			runOnlyForDeploymentPostprocessing = 0;
		};
/* End PBXFrameworksBuildPhase section */

/* Begin PBXGroup section */
		03641BE8694832423DC1C371 /* HelperSources */ = {
			isa = PBXGroup;
			children = (
				473E1A943CA64B7845D6B8CB /* HelperService.swift */,
				9A5181433813C33673C8E1A0 /* main.swift */,
			);
			name = HelperSources;
			path = Helper/Sources;
			sourceTree = "<group>";
		};
		1358C20370A0E0F8263D898F /* AppSources */ = {
			isa = PBXGroup;
			children = (
				E581B73090FE7376C524BC66 /* AppViewModel.swift */,
				7F841A72B3332FF60B3550DA /* ControlPowerApp.swift */,
				9B75491BA4E87B9ABDEB4153 /* ControlPowerSettingsView.swift */,
				40866E50BC166BB7E65974EA /* MainView.swift */,
				7F534132BEC0146A3D375F2B /* MenuBarPanelView.swift */,
				199A04101523509B5F605332 /* MutationScheduler.swift */,
				461EBB24A3D61D52DFC06D1D /* PowerBannerViews.swift */,
			);
			name = AppSources;
			path = App/Sources;
			sourceTree = "<group>";
		};
		4228B483832E537AA7C583DB /* Resources */ = {
			isa = PBXGroup;
			children = (
				E9F2F8A16095D686DD7679ED /* Assets.xcassets */,
				EE056CE8FF8C6FBA149D2217 /* Info.plist */,
				9B19193CDBB8FE4FC08D737A /* PrivacyInfo.xcprivacy */,
			);
			name = Resources;
			path = App/Resources;
			sourceTree = "<group>";
		};
		42EA4FDF5F3EC51350C21E89 /* Tests */ = {
			isa = PBXGroup;
			children = (
				8D54C5DB2B86EACC4549F571 /* ControlPowerTests.swift */,
				EC6240C06AB0E0F69156F044 /* PMSetParserSwiftTestingTests.swift */,
			);
			path = Tests;
			sourceTree = "<group>";
		};
		50DCD50500B323CBBD4EE4AF /* Products */ = {
			isa = PBXGroup;
			children = (
				3B96B69A6A8ED82D60AA1F18 /* ControlPower.app */,
				C3F9E37062B3EB7E2781BB7D /* ControlPowerCore.framework */,
				1B5716BBCDF23760B8B7A1A6 /* ControlPowerHelper */,
				4978AFBAC23984886014DA6B /* ControlPowerTests.xctest */,
			);
			name = Products;
			sourceTree = "<group>";
		};
		51601EBD5CA6ABE2EC55CA51 /* SharedSources */ = {
			isa = PBXGroup;
			children = (
				50DBDA897E9CEE1875012C32 /* ErrorSanitizer.swift */,
				6C409F0548AC1CBA6D54AFCA /* PowerDaemonClient.swift */,
				7A9685F3170D8BDA92CEF69F /* PowerHelperXPCProtocol.swift */,
				89FEB7205A7BE8083580838F /* PowerModels.swift */,
				DA70449A591DF349FFFB343E /* TimedProcessRunner.swift */,
			);
			name = SharedSources;
			path = Shared/Sources;
			sourceTree = "<group>";
		};
		D32F707D2D359E7B084BB86F = {
			isa = PBXGroup;
			children = (
				1358C20370A0E0F8263D898F /* AppSources */,
				03641BE8694832423DC1C371 /* HelperSources */,
				F761F4E3D4C7274E412F28AE /* LaunchDaemons */,
				4228B483832E537AA7C583DB /* Resources */,
				51601EBD5CA6ABE2EC55CA51 /* SharedSources */,
				42EA4FDF5F3EC51350C21E89 /* Tests */,
				FE1A31DC8402E4C3BAE52669 /* Frameworks */,
				50DCD50500B323CBBD4EE4AF /* Products */,
			);
			sourceTree = "<group>";
		};
		F761F4E3D4C7274E412F28AE /* LaunchDaemons */ = {
			isa = PBXGroup;
			children = (
				6AC6FA81C873A81ABF945D4E /* com.moe.controlpower.helper.v2.plist */,
			);
			path = LaunchDaemons;
			sourceTree = "<group>";
		};
		FE1A31DC8402E4C3BAE52669 /* Frameworks */ = {
			isa = PBXGroup;
			children = (
				644188FD8F3C5299A32FFC2C /* AppIntents.framework */,
				9EFEC6DE9BE3E22C6BA72568 /* ServiceManagement.framework */,
			);
			name = Frameworks;
			sourceTree = "<group>";
		};
/* End PBXGroup section */

/* Begin PBXNativeTarget section */
		A46B809F0CBBD8B00C41631D /* ControlPowerCore */ = {
			isa = PBXNativeTarget;
			buildConfigurationList = 43501501198571D6623D24C1 /* Build configuration list for PBXNativeTarget "ControlPowerCore" */;
			buildPhases = (
				6DEE299FE55EDB96DC4F9739 /* Sources */,
				9FC84B44D55319960B826C3B /* Frameworks */,
			);
			buildRules = (
			);
			dependencies = (
			);
			name = ControlPowerCore;
			packageProductDependencies = (
			);
			productName = ControlPowerCore;
			productReference = C3F9E37062B3EB7E2781BB7D /* ControlPowerCore.framework */;
			productType = "com.apple.product-type.framework";
		};
		B9B5DE982B6F9CCF37E51AFA /* ControlPowerTests */ = {
			isa = PBXNativeTarget;
			buildConfigurationList = 9ECCD5DACA6CA2ECDBF764AD /* Build configuration list for PBXNativeTarget "ControlPowerTests" */;
			buildPhases = (
				926903ACD38FA89CCBD6CA5C /* Sources */,
				B5AD60F719C27A7352C9909A /* Frameworks */,
				BC5806E80A8D5EEE9F4D10FD /* Embed Frameworks */,
			);
			buildRules = (
			);
			dependencies = (
				0A3FA3F129FE5DD16075779B /* PBXTargetDependency */,
			);
			name = ControlPowerTests;
			packageProductDependencies = (
			);
			productName = ControlPowerTests;
			productReference = 4978AFBAC23984886014DA6B /* ControlPowerTests.xctest */;
			productType = "com.apple.product-type.bundle.unit-test";
		};
		BD0D041A79146E9E658ED928 /* ControlPowerHelper */ = {
			isa = PBXNativeTarget;
			buildConfigurationList = 51CC675EA6EDA59A921496DD /* Build configuration list for PBXNativeTarget "ControlPowerHelper" */;
			buildPhases = (
				BA9DD541C3FCBE066D2C7D91 /* Sources */,
			);
			buildRules = (
			);
			dependencies = (
			);
			name = ControlPowerHelper;
			packageProductDependencies = (
			);
			productName = ControlPowerHelper;
			productReference = 1B5716BBCDF23760B8B7A1A6 /* ControlPowerHelper */;
			productType = "com.apple.product-type.tool";
		};
		DDFA29E39BC6708898D3884F /* ControlPower */ = {
			isa = PBXNativeTarget;
			buildConfigurationList = CA0B4E0BA764F595164CF9DC /* Build configuration list for PBXNativeTarget "ControlPower" */;
			buildPhases = (
				0DAF21AA307E09FBC2FA5740 /* Sources */,
				299DC5E9BF6606CEAAED3FF0 /* Resources */,
				E05A969EEE40452AF1A4008D /* CopyFiles */,
				D2A60B992CFC0CA285B03BD9 /* Frameworks */,
				62D75B5061B4E7E82E0DE268 /* Embed Frameworks */,
				D78E431950B230770F013E3E /* Embed Helper Binary */,
			);
			buildRules = (
			);
			dependencies = (
				FE49C5ACDF36543A07A8B21C /* PBXTargetDependency */,
				984697EEC5B3D236A3182EB0 /* PBXTargetDependency */,
			);
			name = ControlPower;
			packageProductDependencies = (
			);
			productName = ControlPower;
			productReference = 3B96B69A6A8ED82D60AA1F18 /* ControlPower.app */;
			productType = "com.apple.product-type.application";
		};
/* End PBXNativeTarget section */

/* Begin PBXProject section */
		D4605D1A5655B6E71B3DEC0C /* Project object */ = {
			isa = PBXProject;
			attributes = {
				BuildIndependentTargetsInParallel = YES;
				LastUpgradeCheck = 1430;
				TargetAttributes = {
					A46B809F0CBBD8B00C41631D = {
						DevelopmentTeam = 45954WVVY3;
						ProvisioningStyle = Automatic;
					};
					B9B5DE982B6F9CCF37E51AFA = {
						DevelopmentTeam = 45954WVVY3;
						ProvisioningStyle = Automatic;
					};
					BD0D041A79146E9E658ED928 = {
						DevelopmentTeam = 45954WVVY3;
						ProvisioningStyle = Automatic;
					};
					DDFA29E39BC6708898D3884F = {
						DevelopmentTeam = 45954WVVY3;
						ProvisioningStyle = Automatic;
					};
				};
			};
			buildConfigurationList = D7C8BA77CE37DD65B707216D /* Build configuration list for PBXProject "ControlPower" */;
			compatibilityVersion = "Xcode 14.0";
			developmentRegion = en;
			hasScannedForEncodings = 0;
			knownRegions = (
				Base,
				en,
			);
			mainGroup = D32F707D2D359E7B084BB86F;
			minimizedProjectReferenceProxies = 1;
			preferredProjectObjectVersion = 77;
			projectDirPath = "";
			projectRoot = "";
			targets = (
				DDFA29E39BC6708898D3884F /* ControlPower */,
				A46B809F0CBBD8B00C41631D /* ControlPowerCore */,
				BD0D041A79146E9E658ED928 /* ControlPowerHelper */,
				B9B5DE982B6F9CCF37E51AFA /* ControlPowerTests */,
			);
		};
/* End PBXProject section */

/* Begin PBXResourcesBuildPhase section */
		299DC5E9BF6606CEAAED3FF0 /* Resources */ = {
			isa = PBXResourcesBuildPhase;
			buildActionMask = 2147483647;
			files = (
				B708EA29E2D585CE4769BBD9 /* Assets.xcassets in Resources */,
				35EDD54DB9267992A1EDF3C9 /* PrivacyInfo.xcprivacy in Resources */,
			);
			runOnlyForDeploymentPostprocessing = 0;
		};
/* End PBXResourcesBuildPhase section */

/* Begin PBXShellScriptBuildPhase section */
		D78E431950B230770F013E3E /* Embed Helper Binary */ = {
			isa = PBXShellScriptBuildPhase;
			buildActionMask = 2147483647;
			files = (
			);
			inputFileListPaths = (
			);
			inputPaths = (
				"$(BUILT_PRODUCTS_DIR)/ControlPowerHelper",
				"$(DSTROOT)/usr/local/bin/ControlPowerHelper",
			);
			name = "Embed Helper Binary";
			outputFileListPaths = (
			);
			outputPaths = (
				"$(TARGET_BUILD_DIR)/$(EXECUTABLE_FOLDER_PATH)/ControlPowerHelper",
			);
			runOnlyForDeploymentPostprocessing = 0;
			shellPath = /bin/sh;
			shellScript = "set -euo pipefail\nhelper=\"${SCRIPT_INPUT_FILE_0:-}\"\nif [[ -z \"$helper\" || ! -r \"$helper\" ]]; then\n  helper=\"${SCRIPT_INPUT_FILE_1:-}\"\nfi\ndestination=\"$TARGET_BUILD_DIR/$EXECUTABLE_FOLDER_PATH/ControlPowerHelper\"\nif [[ -z \"$helper\" || ! -r \"$helper\" ]]; then\n  echo \"error: missing readable helper binary from script inputs\"\n  exit 1\nfi\n/usr/bin/install -m 755 \"$helper\" \"$destination\"\n";
		};
/* End PBXShellScriptBuildPhase section */

/* Begin PBXSourcesBuildPhase section */
		0DAF21AA307E09FBC2FA5740 /* Sources */ = {
			isa = PBXSourcesBuildPhase;
			buildActionMask = 2147483647;
			files = (
				7EA6999510CC3E4FB2EA1037 /* ControlPowerApp.swift in Sources */,
				15223D24668B13FE8B10198C /* ControlPowerSettingsView.swift in Sources */,
				A248852818FC187C9336C356 /* MainView.swift in Sources */,
				1A59E944B8274794A041394F /* MenuBarPanelView.swift in Sources */,
				424B16826D8330C607025F15 /* MutationScheduler.swift in Sources */,
				1895F0FFFA85AA6085FF9E0F /* PowerBannerViews.swift in Sources */,
			);
			runOnlyForDeploymentPostprocessing = 0;
		};
		6DEE299FE55EDB96DC4F9739 /* Sources */ = {
			isa = PBXSourcesBuildPhase;
			buildActionMask = 2147483647;
			files = (
				4B2ED42888E360822606E00C /* AppViewModel.swift in Sources */,
				A624E49C07C480D9E1CF2A20 /* ErrorSanitizer.swift in Sources */,
				7647FC586286362E2DC44972 /* MutationScheduler.swift in Sources */,
				324E23BF8995AED83FEEF692 /* PowerDaemonClient.swift in Sources */,
				8A5940DEC361A4D31B34D280 /* PowerHelperXPCProtocol.swift in Sources */,
				DCFF126A613FC9E115AC78AC /* PowerModels.swift in Sources */,
				469A3196AD1EC117750F14B8 /* TimedProcessRunner.swift in Sources */,
			);
			runOnlyForDeploymentPostprocessing = 0;
		};
		926903ACD38FA89CCBD6CA5C /* Sources */ = {
			isa = PBXSourcesBuildPhase;
			buildActionMask = 2147483647;
			files = (
				F4FAC69DD0E8329090495C09 /* ControlPowerTests.swift in Sources */,
				C1F2C4C42227C93EA87C3DC0 /* PMSetParserSwiftTestingTests.swift in Sources */,
			);
			runOnlyForDeploymentPostprocessing = 0;
		};
		BA9DD541C3FCBE066D2C7D91 /* Sources */ = {
			isa = PBXSourcesBuildPhase;
			buildActionMask = 2147483647;
			files = (
				158FF234F28C2193BFF51408 /* ErrorSanitizer.swift in Sources */,
				E7A4A0D22E1931CAD2744400 /* HelperService.swift in Sources */,
				762B94CF67F8DBF1DCA6F575 /* PowerDaemonClient.swift in Sources */,
				29E3236CAAF02ACBB98F07B5 /* PowerHelperXPCProtocol.swift in Sources */,
				21F8D96A19B4F5F817DCE82A /* PowerModels.swift in Sources */,
				18AEA442F043DC801313EE5C /* TimedProcessRunner.swift in Sources */,
				CA81F544345299AB6048379B /* main.swift in Sources */,
			);
			runOnlyForDeploymentPostprocessing = 0;
		};
/* End PBXSourcesBuildPhase section */

/* Begin PBXTargetDependency section */
		0A3FA3F129FE5DD16075779B /* PBXTargetDependency */ = {
			isa = PBXTargetDependency;
			target = A46B809F0CBBD8B00C41631D /* ControlPowerCore */;
			targetProxy = 2F671EF6439BB3D02DB48837 /* PBXContainerItemProxy */;
		};
		984697EEC5B3D236A3182EB0 /* PBXTargetDependency */ = {
			isa = PBXTargetDependency;
			target = A46B809F0CBBD8B00C41631D /* ControlPowerCore */;
			targetProxy = 1ED969801AA7F513F7AC3098 /* PBXContainerItemProxy */;
		};
		FE49C5ACDF36543A07A8B21C /* PBXTargetDependency */ = {
			isa = PBXTargetDependency;
			target = BD0D041A79146E9E658ED928 /* ControlPowerHelper */;
			targetProxy = A460A7D6C77C90D0D6F03C32 /* PBXContainerItemProxy */;
		};
/* End PBXTargetDependency section */

/* Begin XCBuildConfiguration section */
		1918527B7F66653F83BF1B79 /* Profiling */ = {
			isa = XCBuildConfiguration;
			buildSettings = {
				CODE_SIGN_INJECT_BASE_ENTITLEMENTS = NO;
				COMBINE_HIDPI_IMAGES = YES;
				ENABLE_HARDENED_RUNTIME = YES;
				GENERATE_INFOPLIST_FILE = YES;
				INFOPLIST_KEY_CFBundleDisplayName = ControlPowerHelper;
				INFOPLIST_KEY_LSMinimumSystemVersion = 26.0;
				LD_RUNPATH_SEARCH_PATHS = (
					"$(inherited)",
					"@executable_path/../Frameworks",
				);
				MACOSX_DEPLOYMENT_TARGET = 26.0;
				OTHER_CODE_SIGN_FLAGS = "--identifier com.moe.controlpower.helper.bin";
				PRODUCT_BUNDLE_IDENTIFIER = com.moe.controlpower.helper.bin;
				PRODUCT_NAME = ControlPowerHelper;
				SDKROOT = macosx;
			};
			name = Profiling;
		};
		1B8684B0505C647FE9AB2B81 /* Release */ = {
			isa = XCBuildConfiguration;
			buildSettings = {
				ASSETCATALOG_COMPILER_APPICON_NAME = AppIcon;
				COMBINE_HIDPI_IMAGES = YES;
				ENABLE_HARDENED_RUNTIME = YES;
				INFOPLIST_FILE = App/Resources/Info.plist;
				LD_RUNPATH_SEARCH_PATHS = (
					"$(inherited)",
					"@executable_path/../Frameworks",
				);
				MACOSX_DEPLOYMENT_TARGET = 26.0;
				PRODUCT_BUNDLE_IDENTIFIER = com.moe.controlpower;
				PRODUCT_NAME = ControlPower;
				SDKROOT = macosx;
			};
			name = Release;
		};
		3E6FE235F3C7A1976F370A1B /* Release */ = {
			isa = XCBuildConfiguration;
			buildSettings = {
				CODE_SIGN_IDENTITY = "";
				COMBINE_HIDPI_IMAGES = YES;
				CURRENT_PROJECT_VERSION = 1;
				DEFINES_MODULE = YES;
				DYLIB_COMPATIBILITY_VERSION = 1;
				DYLIB_CURRENT_VERSION = 1;
				DYLIB_INSTALL_NAME_BASE = "@rpath";
				GENERATE_INFOPLIST_FILE = YES;
				INFOPLIST_KEY_CFBundleDisplayName = ControlPowerCore;
				INSTALL_PATH = "$(LOCAL_LIBRARY_DIR)/Frameworks";
				LD_RUNPATH_SEARCH_PATHS = (
					"$(inherited)",
					"@executable_path/../Frameworks",
				);
				MACOSX_DEPLOYMENT_TARGET = 26.0;
				PRODUCT_BUNDLE_IDENTIFIER = com.moe.controlpower.core;
				PRODUCT_NAME = ControlPowerCore;
				SDKROOT = macosx;
				SKIP_INSTALL = YES;
				VERSIONING_SYSTEM = "apple-generic";
			};
			name = Release;
		};
		403A2029D1E913892AD0DBD8 /* Release */ = {
			isa = XCBuildConfiguration;
			buildSettings = {
				CODE_SIGN_INJECT_BASE_ENTITLEMENTS = NO;
				COMBINE_HIDPI_IMAGES = YES;
				ENABLE_HARDENED_RUNTIME = YES;
				GENERATE_INFOPLIST_FILE = YES;
				INFOPLIST_KEY_CFBundleDisplayName = ControlPowerHelper;
				INFOPLIST_KEY_LSMinimumSystemVersion = 26.0;
				LD_RUNPATH_SEARCH_PATHS = (
					"$(inherited)",
					"@executable_path/../Frameworks",
				);
				MACOSX_DEPLOYMENT_TARGET = 26.0;
				OTHER_CODE_SIGN_FLAGS = "--identifier com.moe.controlpower.helper.bin";
				PRODUCT_BUNDLE_IDENTIFIER = com.moe.controlpower.helper.bin;
				PRODUCT_NAME = ControlPowerHelper;
				SDKROOT = macosx;
			};
			name = Release;
		};
		4F3E1F4ECCA9DDD9B9C7696B /* Release */ = {
			isa = XCBuildConfiguration;
			buildSettings = {
				BUNDLE_LOADER = "";
				COMBINE_HIDPI_IMAGES = YES;
				GENERATE_INFOPLIST_FILE = YES;
				LD_RUNPATH_SEARCH_PATHS = (
					"$(inherited)",
					"@executable_path/../Frameworks",
					"@loader_path/../Frameworks",
				);
				MACOSX_DEPLOYMENT_TARGET = 26.0;
				PRODUCT_BUNDLE_IDENTIFIER = com.moe.controlpower.tests;
				SDKROOT = macosx;
				TEST_HOST = "";
			};
			name = Release;
		};
		62B6615B762C4771E49EB9D0 /* Debug */ = {
			isa = XCBuildConfiguration;
			buildSettings = {
				CODE_SIGN_INJECT_BASE_ENTITLEMENTS = NO;
				COMBINE_HIDPI_IMAGES = YES;
				ENABLE_HARDENED_RUNTIME = YES;
				GENERATE_INFOPLIST_FILE = YES;
				INFOPLIST_KEY_CFBundleDisplayName = ControlPowerHelper;
				INFOPLIST_KEY_LSMinimumSystemVersion = 26.0;
				LD_RUNPATH_SEARCH_PATHS = (
					"$(inherited)",
					"@executable_path/../Frameworks",
				);
				MACOSX_DEPLOYMENT_TARGET = 26.0;
				OTHER_CODE_SIGN_FLAGS = "--identifier com.moe.controlpower.helper.bin";
				PRODUCT_BUNDLE_IDENTIFIER = com.moe.controlpower.helper.bin;
				PRODUCT_NAME = ControlPowerHelper;
				SDKROOT = macosx;
			};
			name = Debug;
		};
		6FCB8454E9F227C731338B79 /* Profiling */ = {
			isa = XCBuildConfiguration;
			buildSettings = {
				CODE_SIGN_IDENTITY = "";
				COMBINE_HIDPI_IMAGES = YES;
				CURRENT_PROJECT_VERSION = 1;
				DEFINES_MODULE = YES;
				DYLIB_COMPATIBILITY_VERSION = 1;
				DYLIB_CURRENT_VERSION = 1;
				DYLIB_INSTALL_NAME_BASE = "@rpath";
				GENERATE_INFOPLIST_FILE = YES;
				INFOPLIST_KEY_CFBundleDisplayName = ControlPowerCore;
				INSTALL_PATH = "$(LOCAL_LIBRARY_DIR)/Frameworks";
				LD_RUNPATH_SEARCH_PATHS = (
					"$(inherited)",
					"@executable_path/../Frameworks",
				);
				MACOSX_DEPLOYMENT_TARGET = 26.0;
				PRODUCT_BUNDLE_IDENTIFIER = com.moe.controlpower.core;
				PRODUCT_NAME = ControlPowerCore;
				SDKROOT = macosx;
				SKIP_INSTALL = YES;
				VERSIONING_SYSTEM = "apple-generic";
			};
			name = Profiling;
		};
		725CB60AA0025FEB25C17265 /* Debug */ = {
			isa = XCBuildConfiguration;
			buildSettings = {
				CODE_SIGN_IDENTITY = "";
				COMBINE_HIDPI_IMAGES = YES;
				CURRENT_PROJECT_VERSION = 1;
				DEFINES_MODULE = YES;
				DYLIB_COMPATIBILITY_VERSION = 1;
				DYLIB_CURRENT_VERSION = 1;
				DYLIB_INSTALL_NAME_BASE = "@rpath";
				GENERATE_INFOPLIST_FILE = YES;
				INFOPLIST_KEY_CFBundleDisplayName = ControlPowerCore;
				INSTALL_PATH = "$(LOCAL_LIBRARY_DIR)/Frameworks";
				LD_RUNPATH_SEARCH_PATHS = (
					"$(inherited)",
					"@executable_path/../Frameworks",
				);
				MACOSX_DEPLOYMENT_TARGET = 26.0;
				PRODUCT_BUNDLE_IDENTIFIER = com.moe.controlpower.core;
				PRODUCT_NAME = ControlPowerCore;
				SDKROOT = macosx;
				SKIP_INSTALL = YES;
				VERSIONING_SYSTEM = "apple-generic";
			};
			name = Debug;
		};
		72F011C7473D5F781845D994 /* Profiling */ = {
			isa = XCBuildConfiguration;
			buildSettings = {
				ASSETCATALOG_COMPILER_APPICON_NAME = AppIcon;
				CODE_SIGN_ENTITLEMENTS = App/Resources/ControlPowerProfiling.entitlements;
				COMBINE_HIDPI_IMAGES = YES;
				ENABLE_HARDENED_RUNTIME = YES;
				INFOPLIST_FILE = App/Resources/Info.plist;
				LD_RUNPATH_SEARCH_PATHS = (
					"$(inherited)",
					"@executable_path/../Frameworks",
				);
				MACOSX_DEPLOYMENT_TARGET = 26.0;
				PRODUCT_BUNDLE_IDENTIFIER = com.moe.controlpower;
				PRODUCT_NAME = ControlPower;
				SDKROOT = macosx;
			};
			name = Profiling;
		};
		73423988097823BD30E0B16B /* Release */ = {
			isa = XCBuildConfiguration;
			buildSettings = {
				ALWAYS_SEARCH_USER_PATHS = NO;
				APP_SHORTCUTS_ENABLE_FLEXIBLE_MATCHING = NO;
				CLANG_ANALYZER_NONNULL = YES;
				CLANG_ANALYZER_NUMBER_OBJECT_CONVERSION = YES_AGGRESSIVE;
				CLANG_CXX_LANGUAGE_STANDARD = "gnu++14";
				CLANG_CXX_LIBRARY = "libc++";
				CLANG_ENABLE_MODULES = YES;
				CLANG_ENABLE_OBJC_ARC = YES;
				CLANG_ENABLE_OBJC_WEAK = YES;
				CLANG_WARN_BLOCK_CAPTURE_AUTORELEASING = YES;
				CLANG_WARN_BOOL_CONVERSION = YES;
				CLANG_WARN_COMMA = YES;
				CLANG_WARN_CONSTANT_CONVERSION = YES;
				CLANG_WARN_DEPRECATED_OBJC_IMPLEMENTATIONS = YES;
				CLANG_WARN_DIRECT_OBJC_ISA_USAGE = YES_ERROR;
				CLANG_WARN_DOCUMENTATION_COMMENTS = YES;
				CLANG_WARN_EMPTY_BODY = YES;
				CLANG_WARN_ENUM_CONVERSION = YES;
				CLANG_WARN_INFINITE_RECURSION = YES;
				CLANG_WARN_INT_CONVERSION = YES;
				CLANG_WARN_NON_LITERAL_NULL_CONVERSION = YES;
				CLANG_WARN_OBJC_IMPLICIT_RETAIN_SELF = YES;
				CLANG_WARN_OBJC_LITERAL_CONVERSION = YES;
				CLANG_WARN_OBJC_ROOT_CLASS = YES_ERROR;
				CLANG_WARN_QUOTED_INCLUDE_IN_FRAMEWORK_HEADER = YES;
				CLANG_WARN_RANGE_LOOP_ANALYSIS = YES;
				CLANG_WARN_STRICT_PROTOTYPES = YES;
				CLANG_WARN_SUSPICIOUS_MOVE = YES;
				CLANG_WARN_UNGUARDED_AVAILABILITY = YES_AGGRESSIVE;
				CLANG_WARN_UNREACHABLE_CODE = YES;
				CLANG_WARN__DUPLICATE_METHOD_MATCH = YES;
				CODE_SIGN_INJECT_BASE_ENTITLEMENTS = NO;
				CODE_SIGN_STYLE = Automatic;
				COPY_PHASE_STRIP = NO;
				DEAD_CODE_STRIPPING = YES;
				DEBUG_INFORMATION_FORMAT = "dwarf-with-dsym";
				DEVELOPMENT_TEAM = 45954WVVY3;
				ENABLE_NS_ASSERTIONS = NO;
				ENABLE_STRICT_OBJC_MSGSEND = YES;
				ENABLE_USER_SCRIPT_SANDBOXING = YES;
				FUSE_BUILD_SCRIPT_PHASES = YES;
				GCC_C_LANGUAGE_STANDARD = gnu11;
				GCC_NO_COMMON_BLOCKS = YES;
				GCC_WARN_64_TO_32_BIT_CONVERSION = YES;
				GCC_WARN_ABOUT_RETURN_TYPE = YES_ERROR;
				GCC_WARN_UNDECLARED_SELECTOR = YES;
				GCC_WARN_UNINITIALIZED_AUTOS = YES_AGGRESSIVE;
				GCC_WARN_UNUSED_FUNCTION = YES;
				GCC_WARN_UNUSED_VARIABLE = YES;
				LLVM_LTO = YES_THIN;
				MACOSX_DEPLOYMENT_TARGET = 26.0;
				MTL_ENABLE_DEBUG_INFO = NO;
				MTL_FAST_MATH = YES;
				ONLY_ACTIVE_ARCH = NO;
				PRODUCT_NAME = "$(TARGET_NAME)";
				SDKROOT = macosx;
				SWIFT_COMPILATION_MODE = wholemodule;
				SWIFT_OPTIMIZATION_LEVEL = "-O";
				SWIFT_STRICT_CONCURRENCY = complete;
				SWIFT_VERSION = 6.0;
			};
			name = Release;
		};
		831CFAFE8D34F070D1931939 /* Debug */ = {
			isa = XCBuildConfiguration;
			buildSettings = {
				BUNDLE_LOADER = "";
				COMBINE_HIDPI_IMAGES = YES;
				GENERATE_INFOPLIST_FILE = YES;
				LD_RUNPATH_SEARCH_PATHS = (
					"$(inherited)",
					"@executable_path/../Frameworks",
					"@loader_path/../Frameworks",
				);
				MACOSX_DEPLOYMENT_TARGET = 26.0;
				PRODUCT_BUNDLE_IDENTIFIER = com.moe.controlpower.tests;
				SDKROOT = macosx;
				TEST_HOST = "";
			};
			name = Debug;
		};
		C4158CA3C44A29F8BA7AEAA3 /* Debug */ = {
			isa = XCBuildConfiguration;
			buildSettings = {
				ASSETCATALOG_COMPILER_APPICON_NAME = AppIcon;
				COMBINE_HIDPI_IMAGES = YES;
				ENABLE_HARDENED_RUNTIME = YES;
				INFOPLIST_FILE = App/Resources/Info.plist;
				LD_RUNPATH_SEARCH_PATHS = (
					"$(inherited)",
					"@executable_path/../Frameworks",
				);
				MACOSX_DEPLOYMENT_TARGET = 26.0;
				PRODUCT_BUNDLE_IDENTIFIER = com.moe.controlpower;
				PRODUCT_NAME = ControlPower;
				SDKROOT = macosx;
			};
			name = Debug;
		};
		C53F92A76B63F455D89BD0D4 /* Profiling */ = {
			isa = XCBuildConfiguration;
			buildSettings = {
				BUNDLE_LOADER = "";
				COMBINE_HIDPI_IMAGES = YES;
				GENERATE_INFOPLIST_FILE = YES;
				LD_RUNPATH_SEARCH_PATHS = (
					"$(inherited)",
					"@executable_path/../Frameworks",
					"@loader_path/../Frameworks",
				);
				MACOSX_DEPLOYMENT_TARGET = 26.0;
				PRODUCT_BUNDLE_IDENTIFIER = com.moe.controlpower.tests;
				SDKROOT = macosx;
				TEST_HOST = "";
			};
			name = Profiling;
		};
		D21B260227122EFB860AF87B /* Profiling */ = {
			isa = XCBuildConfiguration;
			buildSettings = {
				ALWAYS_SEARCH_USER_PATHS = NO;
				APP_SHORTCUTS_ENABLE_FLEXIBLE_MATCHING = NO;
				CLANG_ANALYZER_NONNULL = YES;
				CLANG_ANALYZER_NUMBER_OBJECT_CONVERSION = YES_AGGRESSIVE;
				CLANG_CXX_LANGUAGE_STANDARD = "gnu++14";
				CLANG_CXX_LIBRARY = "libc++";
				CLANG_ENABLE_MODULES = YES;
				CLANG_ENABLE_OBJC_ARC = YES;
				CLANG_ENABLE_OBJC_WEAK = YES;
				CLANG_WARN_BLOCK_CAPTURE_AUTORELEASING = YES;
				CLANG_WARN_BOOL_CONVERSION = YES;
				CLANG_WARN_COMMA = YES;
				CLANG_WARN_CONSTANT_CONVERSION = YES;
				CLANG_WARN_DEPRECATED_OBJC_IMPLEMENTATIONS = YES;
				CLANG_WARN_DIRECT_OBJC_ISA_USAGE = YES_ERROR;
				CLANG_WARN_DOCUMENTATION_COMMENTS = YES;
				CLANG_WARN_EMPTY_BODY = YES;
				CLANG_WARN_ENUM_CONVERSION = YES;
				CLANG_WARN_INFINITE_RECURSION = YES;
				CLANG_WARN_INT_CONVERSION = YES;
				CLANG_WARN_NON_LITERAL_NULL_CONVERSION = YES;
				CLANG_WARN_OBJC_IMPLICIT_RETAIN_SELF = YES;
				CLANG_WARN_OBJC_LITERAL_CONVERSION = YES;
				CLANG_WARN_OBJC_ROOT_CLASS = YES_ERROR;
				CLANG_WARN_QUOTED_INCLUDE_IN_FRAMEWORK_HEADER = YES;
				CLANG_WARN_RANGE_LOOP_ANALYSIS = YES;
				CLANG_WARN_STRICT_PROTOTYPES = YES;
				CLANG_WARN_SUSPICIOUS_MOVE = YES;
				CLANG_WARN_UNGUARDED_AVAILABILITY = YES_AGGRESSIVE;
				CLANG_WARN_UNREACHABLE_CODE = YES;
				CLANG_WARN__DUPLICATE_METHOD_MATCH = YES;
				CODE_SIGN_STYLE = Automatic;
				COPY_PHASE_STRIP = NO;
				DEBUG_INFORMATION_FORMAT = dwarf;
				DEVELOPMENT_TEAM = 45954WVVY3;
				ENABLE_STRICT_OBJC_MSGSEND = YES;
				ENABLE_TESTABILITY = YES;
				ENABLE_USER_SCRIPT_SANDBOXING = YES;
				FUSE_BUILD_SCRIPT_PHASES = YES;
				GCC_C_LANGUAGE_STANDARD = gnu11;
				GCC_DYNAMIC_NO_PIC = NO;
				GCC_NO_COMMON_BLOCKS = YES;
				GCC_OPTIMIZATION_LEVEL = 0;
				GCC_PREPROCESSOR_DEFINITIONS = (
					"$(inherited)",
					"DEBUG=1",
				);
				GCC_WARN_64_TO_32_BIT_CONVERSION = YES;
				GCC_WARN_ABOUT_RETURN_TYPE = YES_ERROR;
				GCC_WARN_UNDECLARED_SELECTOR = YES;
				GCC_WARN_UNINITIALIZED_AUTOS = YES_AGGRESSIVE;
				GCC_WARN_UNUSED_FUNCTION = YES;
				GCC_WARN_UNUSED_VARIABLE = YES;
				MACOSX_DEPLOYMENT_TARGET = 26.0;
				MTL_ENABLE_DEBUG_INFO = INCLUDE_SOURCE;
				MTL_FAST_MATH = YES;
				ONLY_ACTIVE_ARCH = YES;
				OTHER_SWIFT_FLAGS = "-Xfrontend -warn-long-function-bodies=100 -Xfrontend -warn-long-expression-type-checking=100";
				PRODUCT_NAME = "$(TARGET_NAME)";
				SDKROOT = macosx;
				SWIFT_ACTIVE_COMPILATION_CONDITIONS = DEBUG;
				SWIFT_COMPILATION_MODE = wholemodule;
				SWIFT_OPTIMIZATION_LEVEL = "-O";
				SWIFT_STRICT_CONCURRENCY = complete;
				SWIFT_VERSION = 6.0;
			};
			name = Profiling;
		};
		ECB000BD264B36A73ECADF54 /* Debug */ = {
			isa = XCBuildConfiguration;
			buildSettings = {
				ALWAYS_SEARCH_USER_PATHS = NO;
				APP_SHORTCUTS_ENABLE_FLEXIBLE_MATCHING = NO;
				CLANG_ANALYZER_NONNULL = YES;
				CLANG_ANALYZER_NUMBER_OBJECT_CONVERSION = YES_AGGRESSIVE;
				CLANG_CXX_LANGUAGE_STANDARD = "gnu++14";
				CLANG_CXX_LIBRARY = "libc++";
				CLANG_ENABLE_MODULES = YES;
				CLANG_ENABLE_OBJC_ARC = YES;
				CLANG_ENABLE_OBJC_WEAK = YES;
				CLANG_WARN_BLOCK_CAPTURE_AUTORELEASING = YES;
				CLANG_WARN_BOOL_CONVERSION = YES;
				CLANG_WARN_COMMA = YES;
				CLANG_WARN_CONSTANT_CONVERSION = YES;
				CLANG_WARN_DEPRECATED_OBJC_IMPLEMENTATIONS = YES;
				CLANG_WARN_DIRECT_OBJC_ISA_USAGE = YES_ERROR;
				CLANG_WARN_DOCUMENTATION_COMMENTS = YES;
				CLANG_WARN_EMPTY_BODY = YES;
				CLANG_WARN_ENUM_CONVERSION = YES;
				CLANG_WARN_INFINITE_RECURSION = YES;
				CLANG_WARN_INT_CONVERSION = YES;
				CLANG_WARN_NON_LITERAL_NULL_CONVERSION = YES;
				CLANG_WARN_OBJC_IMPLICIT_RETAIN_SELF = YES;
				CLANG_WARN_OBJC_LITERAL_CONVERSION = YES;
				CLANG_WARN_OBJC_ROOT_CLASS = YES_ERROR;
				CLANG_WARN_QUOTED_INCLUDE_IN_FRAMEWORK_HEADER = YES;
				CLANG_WARN_RANGE_LOOP_ANALYSIS = YES;
				CLANG_WARN_STRICT_PROTOTYPES = YES;
				CLANG_WARN_SUSPICIOUS_MOVE = YES;
				CLANG_WARN_UNGUARDED_AVAILABILITY = YES_AGGRESSIVE;
				CLANG_WARN_UNREACHABLE_CODE = YES;
				CLANG_WARN__DUPLICATE_METHOD_MATCH = YES;
				CODE_SIGN_STYLE = Automatic;
				COPY_PHASE_STRIP = NO;
				DEBUG_INFORMATION_FORMAT = dwarf;
				DEVELOPMENT_TEAM = 45954WVVY3;
				ENABLE_STRICT_OBJC_MSGSEND = YES;
				ENABLE_TESTABILITY = YES;
				ENABLE_USER_SCRIPT_SANDBOXING = YES;
				FUSE_BUILD_SCRIPT_PHASES = YES;
				GCC_C_LANGUAGE_STANDARD = gnu11;
				GCC_DYNAMIC_NO_PIC = NO;
				GCC_NO_COMMON_BLOCKS = YES;
				GCC_OPTIMIZATION_LEVEL = 0;
				GCC_PREPROCESSOR_DEFINITIONS = (
					"$(inherited)",
					"DEBUG=1",
				);
				GCC_WARN_64_TO_32_BIT_CONVERSION = YES;
				GCC_WARN_ABOUT_RETURN_TYPE = YES_ERROR;
				GCC_WARN_UNDECLARED_SELECTOR = YES;
				GCC_WARN_UNINITIALIZED_AUTOS = YES_AGGRESSIVE;
				GCC_WARN_UNUSED_FUNCTION = YES;
				GCC_WARN_UNUSED_VARIABLE = YES;
				MACOSX_DEPLOYMENT_TARGET = 26.0;
				MTL_ENABLE_DEBUG_INFO = INCLUDE_SOURCE;
				MTL_FAST_MATH = YES;
				ONLY_ACTIVE_ARCH = YES;
				OTHER_SWIFT_FLAGS = "-Xfrontend -warn-long-function-bodies=100 -Xfrontend -warn-long-expression-type-checking=100";
				PRODUCT_NAME = "$(TARGET_NAME)";
				SDKROOT = macosx;
				SWIFT_ACTIVE_COMPILATION_CONDITIONS = DEBUG;
				SWIFT_COMPILATION_MODE = incremental;
				SWIFT_OPTIMIZATION_LEVEL = "-Onone";
				SWIFT_STRICT_CONCURRENCY = complete;
				SWIFT_VERSION = 6.0;
			};
			name = Debug;
		};
/* End XCBuildConfiguration section */

/* Begin XCConfigurationList section */
		43501501198571D6623D24C1 /* Build configuration list for PBXNativeTarget "ControlPowerCore" */ = {
			isa = XCConfigurationList;
			buildConfigurations = (
				725CB60AA0025FEB25C17265 /* Debug */,
				6FCB8454E9F227C731338B79 /* Profiling */,
				3E6FE235F3C7A1976F370A1B /* Release */,
			);
			defaultConfigurationIsVisible = 0;
			defaultConfigurationName = Debug;
		};
		51CC675EA6EDA59A921496DD /* Build configuration list for PBXNativeTarget "ControlPowerHelper" */ = {
			isa = XCConfigurationList;
			buildConfigurations = (
				62B6615B762C4771E49EB9D0 /* Debug */,
				1918527B7F66653F83BF1B79 /* Profiling */,
				403A2029D1E913892AD0DBD8 /* Release */,
			);
			defaultConfigurationIsVisible = 0;
			defaultConfigurationName = Debug;
		};
		9ECCD5DACA6CA2ECDBF764AD /* Build configuration list for PBXNativeTarget "ControlPowerTests" */ = {
			isa = XCConfigurationList;
			buildConfigurations = (
				831CFAFE8D34F070D1931939 /* Debug */,
				C53F92A76B63F455D89BD0D4 /* Profiling */,
				4F3E1F4ECCA9DDD9B9C7696B /* Release */,
			);
			defaultConfigurationIsVisible = 0;
			defaultConfigurationName = Debug;
		};
		CA0B4E0BA764F595164CF9DC /* Build configuration list for PBXNativeTarget "ControlPower" */ = {
			isa = XCConfigurationList;
			buildConfigurations = (
				C4158CA3C44A29F8BA7AEAA3 /* Debug */,
				72F011C7473D5F781845D994 /* Profiling */,
				1B8684B0505C647FE9AB2B81 /* Release */,
			);
			defaultConfigurationIsVisible = 0;
			defaultConfigurationName = Debug;
		};
		D7C8BA77CE37DD65B707216D /* Build configuration list for PBXProject "ControlPower" */ = {
			isa = XCConfigurationList;
			buildConfigurations = (
				ECB000BD264B36A73ECADF54 /* Debug */,
				D21B260227122EFB860AF87B /* Profiling */,
				73423988097823BD30E0B16B /* Release */,
			);
			defaultConfigurationIsVisible = 0;
			defaultConfigurationName = Debug;
		};
/* End XCConfigurationList section */
	};
	rootObject = D4605D1A5655B6E71B3DEC0C /* Project object */;
}
